{
  "name": "@dom-manipulation-library/create-project",
  "version": "1.0.3",
  "lockfileVersion": 3,
  "requires": true,
  "packages": {
    "": {
      "name": "@dom-manipulation-library/create-project",
      "version": "1.0.3",
      "license": "ISC",
      "dependencies": {
        "@dom-manipulation-library/create-project": "^1.0.3"
      },
      "bin": {
        "create-project": "bin/cli.js"
      }
    },
    "node_modules/@dom-manipulation-library/create-project": {
      "version": "1.0.3",
      "resolved": "https://registry.npmjs.org/@dom-manipulation-library/create-project/-/create-project-1.0.3.tgz",
      "integrity": "sha512-KQZSmgeRrjIln9nF5RHVymmC36l8SSVZiM7+M77HPuwWsFGe+3opdtwI22/SDVfW7w15i+b9GElmb6TnNkMzRw==",
      "bin": {
        "create-project": "bin/cli.js"
      }
    }
  }
}
